%{
  "application_runner": {:git, "https://github.com/lenra-io/application-runner.git", "8c4aab01020f53679340a2afb92f0c1f3aa70201", [tag: "v1.0.0-beta.77", submodules: true]},
  "artificery": {:hex, :artificery, "0.4.3", "0bc4260f988dcb9dda4b23f9fc3c6c8b99a6220a331534fdf5bf2fd0d4333b02", [:mix], [], "hexpm", "12e95333a30e20884e937abdbefa3e7f5e05609c2ba8cf37b33f000b9ffc0504"},
  "bunt": {:hex, :bunt, "0.2.1", "e2d4792f7bc0ced7583ab54922808919518d0e57ee162901a16a1b6664ef3b14", [:mix], [], "hexpm", "a330bfb4245239787b15005e66ae6845c9cd524a288f0d141c148b02603777a5"},
  "bypass": {:hex, :bypass, "2.1.0", "909782781bf8e20ee86a9cabde36b259d44af8b9f38756173e8f5e2e1fabb9b1", [:mix], [{:plug, "~> 1.7", [hex: :plug, repo: "hexpm", optional: false]}, {:plug_cowboy, "~> 2.0", [hex: :plug_cowboy, repo: "hexpm", optional: false]}, {:ranch, "~> 1.3", [hex: :ranch, repo: "hexpm", optional: false]}], "hexpm", "d9b5df8fa5b7a6efa08384e9bbecfe4ce61c77d28a4282f79e02f1ef78d96b80"},
  "castore": {:hex, :castore, "0.1.18", "deb5b9ab02400561b6f5708f3e7660fc35ca2d51bfc6a940d2f513f89c2975fc", [:mix], [], "hexpm", "61bbaf6452b782ef80b33cdb45701afbcf0a918a45ebe7e73f1130d661e66a06"},
  "certifi": {:hex, :certifi, "2.9.0", "6f2a475689dd47f19fb74334859d460a2dc4e3252a3324bd2111b8f0429e7e21", [:rebar3], [], "hexpm", "266da46bdb06d6c6d35fde799bcb28d36d985d424ad7c08b5bb48f5b5cdd4641"},
  "connection": {:hex, :connection, "1.1.0", "ff2a49c4b75b6fb3e674bfc5536451607270aac754ffd1bdfe175abe4a6d7a68", [:mix], [], "hexpm", "722c1eb0a418fbe91ba7bd59a47e28008a189d47e37e0e7bb85585a016b2869c"},
  "cowboy": {:hex, :cowboy, "2.9.0", "865dd8b6607e14cf03282e10e934023a1bd8be6f6bacf921a7e2a96d800cd452", [:make, :rebar3], [{:cowlib, "2.11.0", [hex: :cowlib, repo: "hexpm", optional: false]}, {:ranch, "1.8.0", [hex: :ranch, repo: "hexpm", optional: false]}], "hexpm", "2c729f934b4e1aa149aff882f57c6372c15399a20d54f65c8d67bef583021bde"},
  "cowboy_telemetry": {:hex, :cowboy_telemetry, "0.4.0", "f239f68b588efa7707abce16a84d0d2acf3a0f50571f8bb7f56a15865aae820c", [:rebar3], [{:cowboy, "~> 2.7", [hex: :cowboy, repo: "hexpm", optional: false]}, {:telemetry, "~> 1.0", [hex: :telemetry, repo: "hexpm", optional: false]}], "hexpm", "7d98bac1ee4565d31b62d59f8823dfd8356a169e7fcbb83831b8a5397404c9de"},
  "cowlib": {:hex, :cowlib, "2.11.0", "0b9ff9c346629256c42ebe1eeb769a83c6cb771a6ee5960bd110ab0b9b872063", [:make, :rebar3], [], "hexpm", "2b3e9da0b21c4565751a6d4901c20d1b4cc25cbb7fd50d91d2ab6dd287bc86a9"},
  "credo": {:hex, :credo, "1.6.7", "323f5734350fd23a456f2688b9430e7d517afb313fbd38671b8a4449798a7854", [:mix], [{:bunt, "~> 0.2.1", [hex: :bunt, repo: "hexpm", optional: false]}, {:file_system, "~> 0.2.8", [hex: :file_system, repo: "hexpm", optional: false]}, {:jason, "~> 1.0", [hex: :jason, repo: "hexpm", optional: false]}], "hexpm", "41e110bfb007f7eda7f897c10bf019ceab9a0b269ce79f015d54b0dcf4fc7dd3"},
  "crontab": {:hex, :crontab, "1.1.11", "4028ced51b813a5061f85b689d4391ef0c27550c8ab09aaf139e4295c3d93ea4", [:mix], [{:ecto, "~> 1.0 or ~> 2.0 or ~> 3.0", [hex: :ecto, repo: "hexpm", optional: true]}], "hexpm", "ecb045f9ac14a3e2990e54368f70cdb6e2f2abafc5bc329d6c31f0c74b653787"},
  "db_connection": {:hex, :db_connection, "2.4.2", "f92e79aff2375299a16bcb069a14ee8615c3414863a6fef93156aee8e86c2ff3", [:mix], [{:connection, "~> 1.0", [hex: :connection, repo: "hexpm", optional: false]}, {:telemetry, "~> 0.4 or ~> 1.0", [hex: :telemetry, repo: "hexpm", optional: false]}], "hexpm", "4fe53ca91b99f55ea249693a0229356a08f4d1a7931d8ffa79289b145fe83668"},
  "decimal": {:hex, :decimal, "2.0.0", "a78296e617b0f5dd4c6caf57c714431347912ffb1d0842e998e9792b5642d697", [:mix], [], "hexpm", "34666e9c55dea81013e77d9d87370fe6cb6291d1ef32f46a1600230b1d44f577"},
  "dialyxir": {:hex, :dialyxir, "1.2.0", "58344b3e87c2e7095304c81a9ae65cb68b613e28340690dfe1a5597fd08dec37", [:mix], [{:erlex, ">= 0.2.6", [hex: :erlex, repo: "hexpm", optional: false]}], "hexpm", "61072136427a851674cab81762be4dbeae7679f85b1272b6d25c3a839aff8463"},
  "distillery": {:hex, :distillery, "2.1.1", "f9332afc2eec8a1a2b86f22429e068ef35f84a93ea1718265e740d90dd367814", [:mix], [{:artificery, "~> 0.2", [hex: :artificery, repo: "hexpm", optional: false]}], "hexpm", "bbc7008b0161a6f130d8d903b5b3232351fccc9c31a991f8fcbf2a12ace22995"},
  "ecto": {:hex, :ecto, "3.8.4", "e06b8b87e62b27fea17fd2ff6041572ddd10339fd16cdf58446e402c6c90a74b", [:mix], [{:decimal, "~> 1.6 or ~> 2.0", [hex: :decimal, repo: "hexpm", optional: false]}, {:jason, "~> 1.0", [hex: :jason, repo: "hexpm", optional: true]}, {:telemetry, "~> 0.4 or ~> 1.0", [hex: :telemetry, repo: "hexpm", optional: false]}], "hexpm", "f9244288b8d42db40515463a008cf3f4e0e564bb9c249fe87bf28a6d79fe82d4"},
  "ecto_sql": {:hex, :ecto_sql, "3.8.3", "a7d22c624202546a39d615ed7a6b784580391e65723f2d24f65941b4dd73d471", [:mix], [{:db_connection, "~> 2.5 or ~> 2.4.1", [hex: :db_connection, repo: "hexpm", optional: false]}, {:ecto, "~> 3.8.4", [hex: :ecto, repo: "hexpm", optional: false]}, {:myxql, "~> 0.6.0", [hex: :myxql, repo: "hexpm", optional: true]}, {:postgrex, "~> 0.15.0 or ~> 0.16.0 or ~> 1.0", [hex: :postgrex, repo: "hexpm", optional: true]}, {:tds, "~> 2.1.1 or ~> 2.2", [hex: :tds, repo: "hexpm", optional: true]}, {:telemetry, "~> 0.4.0 or ~> 1.0", [hex: :telemetry, repo: "hexpm", optional: false]}], "hexpm", "348cb17fb9e6daf6f251a87049eafcb57805e2892e5e6a0f5dea0985d367329b"},
  "erlex": {:hex, :erlex, "0.2.6", "c7987d15e899c7a2f34f5420d2a2ea0d659682c06ac607572df55a43753aa12e", [:mix], [], "hexpm", "2ed2e25711feb44d52b17d2780eabf998452f6efda104877a3881c2f8c0c0c75"},
  "erlexec": {:hex, :erlexec, "1.21.0", "748af41a9b77fde69bb82d5ec37e37384d4f849f971687de49d57e8cb59422ea", [:rebar3], [], "hexpm", "826616a344d1bc0a35c9d2c7175478166f607a4e3b14c878229fd405694d65c0"},
  "ex_component_schema": {:git, "https://github.com/lenra-io/ex_component_schema", "ceaf372e18e4c06360501f4e6152a0ea567fcfaa", [ref: "v1.0.0-beta.3"]},
  "excoveralls": {:hex, :excoveralls, "0.14.6", "610e921e25b180a8538229ef547957f7e04bd3d3e9a55c7c5b7d24354abbba70", [:mix], [{:hackney, "~> 1.16", [hex: :hackney, repo: "hexpm", optional: false]}, {:jason, "~> 1.0", [hex: :jason, repo: "hexpm", optional: false]}], "hexpm", "0eceddaa9785cfcefbf3cd37812705f9d8ad34a758e513bb975b081dce4eb11e"},
  "file_system": {:hex, :file_system, "0.2.10", "fb082005a9cd1711c05b5248710f8826b02d7d1784e7c3451f9c1231d4fc162d", [:mix], [], "hexpm", "41195edbfb562a593726eda3b3e8b103a309b733ad25f3d642ba49696bf715dc"},
  "finch": {:hex, :finch, "0.12.0", "6bbb3e0bb62dd91cd1217d9682a30f5bfc9b0b74950bf10a0b4d4399c2076892", [:mix], [{:castore, "~> 0.1", [hex: :castore, repo: "hexpm", optional: false]}, {:mime, "~> 1.0 or ~> 2.0", [hex: :mime, repo: "hexpm", optional: false]}, {:mint, "~> 1.3", [hex: :mint, repo: "hexpm", optional: false]}, {:nimble_options, "~> 0.4.0", [hex: :nimble_options, repo: "hexpm", optional: false]}, {:nimble_pool, "~> 0.2.6", [hex: :nimble_pool, repo: "hexpm", optional: false]}, {:telemetry, "~> 0.4 or ~> 1.0", [hex: :telemetry, repo: "hexpm", optional: false]}], "hexpm", "320da3f32459e7dcb77f4271b4f2445ba6c5d32cc3c7cca8e2cff599e24be5a6"},
  "gen_state_machine": {:hex, :gen_state_machine, "2.1.0", "a38b0e53fad812d29ec149f0d354da5d1bc0d7222c3711f3a0bd5aa608b42992", [:mix], [], "hexpm", "ae367038808db25cee2f2c4b8d0531522ea587c4995eb6f96ee73410a60fa06b"},
  "guardian": {:hex, :guardian, "2.1.2", "bfa5f472319f227e0e72d156fa5f7e82dc32043934abf9aa86a1eeab2904849d", [:mix], [{:jose, "~> 1.8", [hex: :jose, repo: "hexpm", optional: false]}, {:plug, "~> 1.3.3 or ~> 1.4", [hex: :plug, repo: "hexpm", optional: true]}], "hexpm", "76aafc19311e0cc1e9c26bab7707680407a85df7187b9e3ad4e48890e3600954"},
  "hackney": {:hex, :hackney, "1.18.1", "f48bf88f521f2a229fc7bae88cf4f85adc9cd9bcf23b5dc8eb6a1788c662c4f6", [:rebar3], [{:certifi, "~>2.9.0", [hex: :certifi, repo: "hexpm", optional: false]}, {:idna, "~>6.1.0", [hex: :idna, repo: "hexpm", optional: false]}, {:metrics, "~>1.0.0", [hex: :metrics, repo: "hexpm", optional: false]}, {:mimerl, "~>1.1", [hex: :mimerl, repo: "hexpm", optional: false]}, {:parse_trans, "3.3.1", [hex: :parse_trans, repo: "hexpm", optional: false]}, {:ssl_verify_fun, "~>1.1.0", [hex: :ssl_verify_fun, repo: "hexpm", optional: false]}, {:unicode_util_compat, "~>0.7.0", [hex: :unicode_util_compat, repo: "hexpm", optional: false]}], "hexpm", "a4ecdaff44297e9b5894ae499e9a070ea1888c84afdd1fd9b7b2bc384950128e"},
  "hpax": {:hex, :hpax, "0.1.2", "09a75600d9d8bbd064cdd741f21fc06fc1f4cf3d0fcc335e5aa19be1a7235c84", [:mix], [], "hexpm", "2c87843d5a23f5f16748ebe77969880e29809580efdaccd615cd3bed628a8c13"},
  "idna": {:hex, :idna, "6.1.1", "8a63070e9f7d0c62eb9d9fcb360a7de382448200fbbd1b106cc96d3d8099df8d", [:rebar3], [{:unicode_util_compat, "~>0.7.0", [hex: :unicode_util_compat, repo: "hexpm", optional: false]}], "hexpm", "92376eb7894412ed19ac475e4a86f7b413c1b9fbb5bd16dccd57934157944cea"},
  "jason": {:hex, :jason, "1.3.0", "fa6b82a934feb176263ad2df0dbd91bf633d4a46ebfdffea0c8ae82953714946", [:mix], [{:decimal, "~> 1.0 or ~> 2.0", [hex: :decimal, repo: "hexpm", optional: true]}], "hexpm", "53fc1f51255390e0ec7e50f9cb41e751c260d065dcba2bf0d08dc51a4002c2ac"},
  "jose": {:hex, :jose, "1.11.2", "f4c018ccf4fdce22c71e44d471f15f723cb3efab5d909ab2ba202b5bf35557b3", [:mix, :rebar3], [], "hexpm", "98143fbc48d55f3a18daba82d34fe48959d44538e9697c08f34200fa5f0947d2"},
  "json_diff": {:hex, :json_diff, "0.1.3", "c80d5ca5416e785867e765e906e9a91b7efc35bfd505af276654d108f4995736", [:mix], [], "hexpm", "a5332e8293e7e9f384d34ea44645d7961334db73739165178fd4a7728d06f7d1"},
  "lenra_common": {:git, "https://github.com/lenra-io/lenra-common.git", "73e710692b5d52816827e7156af39ab7e0caf0f0", [tag: "v2.4.0"]},
  "libring": {:hex, :libring, "1.6.0", "d5dca4bcb1765f862ab59f175b403e356dec493f565670e0bacc4b35e109ce0d", [:mix], [], "hexpm", "5e91ece396af4bce99953d49ee0b02f698cd38326d93cd068361038167484319"},
  "metrics": {:hex, :metrics, "1.0.1", "25f094dea2cda98213cecc3aeff09e940299d950904393b2a29d191c346a8486", [:rebar3], [], "hexpm", "69b09adddc4f74a40716ae54d140f93beb0fb8978d8636eaded0c31b6f099f16"},
  "mime": {:hex, :mime, "2.0.3", "3676436d3d1f7b81b5a2d2bd8405f412c677558c81b1c92be58c00562bb59095", [:mix], [], "hexpm", "27a30bf0db44d25eecba73755acf4068cbfe26a4372f9eb3e4ea3a45956bff6b"},
  "mimerl": {:hex, :mimerl, "1.2.0", "67e2d3f571088d5cfd3e550c383094b47159f3eee8ffa08e64106cdf5e981be3", [:rebar3], [], "hexpm", "f278585650aa581986264638ebf698f8bb19df297f66ad91b18910dfc6e19323"},
  "mint": {:hex, :mint, "1.4.2", "50330223429a6e1260b2ca5415f69b0ab086141bc76dc2fbf34d7c389a6675b2", [:mix], [{:castore, "~> 0.1.0", [hex: :castore, repo: "hexpm", optional: true]}, {:hpax, "~> 0.1.1", [hex: :hpax, repo: "hexpm", optional: false]}], "hexpm", "ce75a5bbcc59b4d7d8d70f8b2fc284b1751ffb35c7b6a6302b5192f8ab4ddd80"},
  "mongodb_driver": {:hex, :mongodb_driver, "0.9.1", "81b61c3125b7b381ece13fc5ecaacbe9b8b7af6c23ec8b99f13de7e08103d012", [:mix], [{:db_connection, "~> 2.4.1", [hex: :db_connection, repo: "hexpm", optional: false]}, {:decimal, "~> 2.0", [hex: :decimal, repo: "hexpm", optional: false]}, {:telemetry, "~> 1.0", [hex: :telemetry, repo: "hexpm", optional: false]}], "hexpm", "c691a97e31c735708685314121a2c7f37c5317ab8aa9275f1984827b928bef5f"},
  "neotomex": {:hex, :neotomex, "0.1.7", "64f76513653aa87ea7abdde0fd600e56955d838020a13d88f2bf334c88ac3e7a", [:mix], [], "hexpm", "4b87b8f614d1cd89dc8ba80ba0e559bedb3ebf6f6d74cd774fcfdd215e861445"},
  "nimble_options": {:hex, :nimble_options, "0.4.0", "c89babbab52221a24b8d1ff9e7d838be70f0d871be823165c94dd3418eea728f", [:mix], [], "hexpm", "e6701c1af326a11eea9634a3b1c62b475339ace9456c1a23ec3bc9a847bca02d"},
  "nimble_pool": {:hex, :nimble_pool, "0.2.6", "91f2f4c357da4c4a0a548286c84a3a28004f68f05609b4534526871a22053cde", [:mix], [], "hexpm", "1c715055095d3f2705c4e236c18b618420a35490da94149ff8b580a2144f653f"},
  "parse_trans": {:hex, :parse_trans, "3.3.1", "16328ab840cc09919bd10dab29e431da3af9e9e7e7e6f0089dd5a2d2820011d8", [:rebar3], [], "hexpm", "07cd9577885f56362d414e8c4c4e6bdf10d43a8767abb92d24cbe8b24c54888b"},
  "phoenix": {:hex, :phoenix, "1.5.13", "d4e0805ec0973bed80d67302631130fb47d75b1a0b7335a0b23c4432b6ce55ee", [:mix], [{:jason, "~> 1.0", [hex: :jason, repo: "hexpm", optional: true]}, {:phoenix_html, "~> 2.13 or ~> 3.0", [hex: :phoenix_html, repo: "hexpm", optional: true]}, {:phoenix_pubsub, "~> 2.0", [hex: :phoenix_pubsub, repo: "hexpm", optional: false]}, {:plug, "~> 1.10", [hex: :plug, repo: "hexpm", optional: false]}, {:plug_cowboy, "~> 1.0 or ~> 2.2", [hex: :plug_cowboy, repo: "hexpm", optional: true]}, {:plug_crypto, "~> 1.1.2 or ~> 1.2", [hex: :plug_crypto, repo: "hexpm", optional: false]}, {:telemetry, "~> 0.4 or ~> 1.0", [hex: :telemetry, repo: "hexpm", optional: false]}], "hexpm", "1a7c4f1900e6e60bb60ae6680e48418e3f7c360d58bcb9f812487b6d0d281a0f"},
  "phoenix_pubsub": {:hex, :phoenix_pubsub, "2.1.1", "ba04e489ef03763bf28a17eb2eaddc2c20c6d217e2150a61e3298b0f4c2012b5", [:mix], [], "hexpm", "81367c6d1eea5878ad726be80808eb5a787a23dee699f96e72b1109c57cdd8d9"},
  "plug": {:hex, :plug, "1.13.6", "187beb6b67c6cec50503e940f0434ea4692b19384d47e5fdfd701e93cadb4cc2", [:mix], [{:mime, "~> 1.0 or ~> 2.0", [hex: :mime, repo: "hexpm", optional: false]}, {:plug_crypto, "~> 1.1.1 or ~> 1.2", [hex: :plug_crypto, repo: "hexpm", optional: false]}, {:telemetry, "~> 0.4.3 or ~> 1.0", [hex: :telemetry, repo: "hexpm", optional: false]}], "hexpm", "02b9c6b9955bce92c829f31d6284bf53c591ca63c4fb9ff81dfd0418667a34ff"},
  "plug_cowboy": {:hex, :plug_cowboy, "2.5.2", "62894ccd601cf9597e2c23911ff12798a8a18d237e9739f58a6b04e4988899fe", [:mix], [{:cowboy, "~> 2.7", [hex: :cowboy, repo: "hexpm", optional: false]}, {:cowboy_telemetry, "~> 0.3", [hex: :cowboy_telemetry, repo: "hexpm", optional: false]}, {:plug, "~> 1.7", [hex: :plug, repo: "hexpm", optional: false]}], "hexpm", "ea6e87f774c8608d60c8d34022a7d073bd7680a0a013f049fc62bf35efea1044"},
  "plug_crypto": {:hex, :plug_crypto, "1.2.3", "8f77d13aeb32bfd9e654cb68f0af517b371fb34c56c9f2b58fe3df1235c1251a", [:mix], [], "hexpm", "b5672099c6ad5c202c45f5a403f21a3411247f164e4a8fab056e5cd8a290f4a2"},
  "poison": {:hex, :poison, "5.0.0", "d2b54589ab4157bbb82ec2050757779bfed724463a544b6e20d79855a9e43b24", [:mix], [{:decimal, "~> 2.0", [hex: :decimal, repo: "hexpm", optional: true]}], "hexpm", "11dc6117c501b80c62a7594f941d043982a1bd05a1184280c0d9166eb4d8d3fc"},
  "postgrex": {:hex, :postgrex, "0.15.13", "7794e697481799aee8982688c261901de493eb64451feee6ea58207d7266d54a", [:mix], [{:connection, "~> 1.0", [hex: :connection, repo: "hexpm", optional: false]}, {:db_connection, "~> 2.1", [hex: :db_connection, repo: "hexpm", optional: false]}, {:decimal, "~> 1.5 or ~> 2.0", [hex: :decimal, repo: "hexpm", optional: false]}, {:jason, "~> 1.0", [hex: :jason, repo: "hexpm", optional: true]}], "hexpm", "3ffb76e1a97cfefe5c6a95632a27ffb67f28871c9741fb585f9d1c3cd2af70f1"},
  "query_parser": {:git, "https://github.com/lenra-io/query-parser.git", "c4d37a7da86292d9e2729d91084574c7fbc7ad32", [tag: "v1.0.0-beta.15"]},
  "ranch": {:hex, :ranch, "1.8.0", "8c7a100a139fd57f17327b6413e4167ac559fbc04ca7448e9be9057311597a1d", [:make, :rebar3], [], "hexpm", "49fbcfd3682fab1f5d109351b61257676da1a2fdbe295904176d5e521a2ddfe5"},
  "simplehttp": {:hex, :simplehttp, "0.5.1", "103d027c50398b1e2cf26329cd78d8cf55211c17d19e0bb258a7987fe8df3584", [:mix], [], "hexpm", "32a945235f59cdd6615478f143807f79416555559bf0a701971570628a6884f1"},
  "ssl_verify_fun": {:hex, :ssl_verify_fun, "1.1.6", "cf344f5692c82d2cd7554f5ec8fd961548d4fd09e7d22f5b62482e5aeaebd4b0", [:make, :mix, :rebar3], [], "hexpm", "bdb0d2471f453c88ff3908e7686f86f9be327d065cc1ec16fa4540197ea04680"},
  "swarm": {:hex, :swarm, "3.4.0", "64f8b30055d74640d2186c66354b33b999438692a91be275bb89cdc7e401f448", [:mix], [{:gen_state_machine, "~> 2.0", [hex: :gen_state_machine, repo: "hexpm", optional: false]}, {:libring, "~> 1.0", [hex: :libring, repo: "hexpm", optional: false]}], "hexpm", "94884f84783fc1ba027aba8fe8a7dae4aad78c98e9f9c76667ec3471585c08c6"},
  "telemetry": {:hex, :telemetry, "0.4.3", "a06428a514bdbc63293cd9a6263aad00ddeb66f608163bdec7c8995784080818", [:rebar3], [], "hexpm", "eb72b8365ffda5bed68a620d1da88525e326cb82a75ee61354fc24b844768041"},
  "telemetry_metrics": {:hex, :telemetry_metrics, "0.6.1", "315d9163a1d4660aedc3fee73f33f1d355dcc76c5c3ab3d59e76e3edf80eef1f", [:mix], [{:telemetry, "~> 0.4 or ~> 1.0", [hex: :telemetry, repo: "hexpm", optional: false]}], "hexpm", "7be9e0871c41732c233be71e4be11b96e56177bf15dde64a8ac9ce72ac9834c6"},
  "telemetry_poller": {:hex, :telemetry_poller, "0.5.1", "21071cc2e536810bac5628b935521ff3e28f0303e770951158c73eaaa01e962a", [:rebar3], [{:telemetry, "~> 0.4", [hex: :telemetry, repo: "hexpm", optional: false]}], "hexpm", "4cab72069210bc6e7a080cec9afffad1b33370149ed5d379b81c7c5f0c663fd4"},
  "unicode_util_compat": {:hex, :unicode_util_compat, "0.7.0", "bc84380c9ab48177092f43ac89e4dfa2c6d62b40b8bd132b1059ecc7232f9a78", [:rebar3], [], "hexpm", "25eee6d67df61960cf6a794239566599b09e17e668d3700247bc498638152521"},
}
